github.com/disic/frago v0.0.0-20211104152945-97829abdd94f/go.mod h1:P+FGLyK+Tit1HIeu1aDFxIwQCCrYTJflqCX0Xue/jXM=
github.com/disic/frago v0.0.0-20211116103058-71938b163561 h1:Dyib9B1630GAeQt0nJg+wbqaFsW63dRUVqMz9qMlmQs=
github.com/disic/frago v0.0.0-20211116103058-71938b163561/go.mod h1:P+FGLyK+Tit1HIeu1aDFxIwQCCrYTJflqCX0Xue/jXM=
