github.com/disic/frago v0.0.0-20211029094435-04d42fb0c074/go.mod h1:P+FGLyK+Tit1HIeu1aDFxIwQCCrYTJflqCX0Xue/jXM=
github.com/disic/frago v0.0.0-20211104152945-97829abdd94f h1:7h0k5bbSmzeCLIyy1WpDBo9rq9s8groFJ+fGxVYEgZk=
github.com/disic/frago v0.0.0-20211104152945-97829abdd94f/go.mod h1:P+FGLyK+Tit1HIeu1aDFxIwQCCrYTJflqCX0Xue/jXM=
